Microsoft Visual Studio Solution File, Format Version 12.00
# Visual Studio Version 17
VisualStudioVersion = 17.9.34622.214
MinimumVisualStudioVersion = 10.0.40219.1
Project("{9A19103F-16F7-4668-BE54-9A1E7A4F7556}") = "TaskManager", "TaskManager.csproj", "{4C28AEC4-FFC5-43FF-8FAD-2E2D50D32811}"
EndProject
Global
	GlobalSection(SolutionConfigurationPlatforms) = preSolution
		Debug|Any CPU = Debug|Any CPU
		Release|Any CPU = Release|Any CPU
	EndGlobalSection
	GlobalSection(ProjectConfigurationPlatforms) = postSolution
		{4C28AEC4-FFC5-43FF-8FAD-2E2D50D32811}.Debug|Any CPU.ActiveCfg = Debug|Any CPU
		{4C28AEC4-FFC5-43FF-8FAD-2E2D50D32811}.Debug|Any CPU.Build.0 = Debug|Any CPU
		{4C28AEC4-FFC5-43FF-8FAD-2E2D50D32811}.Release|Any CPU.ActiveCfg = Release|Any CPU
		{4C28AEC4-FFC5-43FF-8FAD-2E2D50D32811}.Release|Any CPU.Build.0 = Release|Any CPU
	EndGlobalSection
	GlobalSection(SolutionProperties) = preSolution
		HideSolutionNode = FALSE
	EndGlobalSection
	GlobalSection(ExtensibilityGlobals) = postSolution
		SolutionGuid = {CD5ABE44-5A38-4C5E-B14C-6AC8B7E4B9C3}
	EndGlobalSection
EndGlobal
